
Microsoft Visual Studio Solution File, Format Version 12.00
# Visual Studio Version 17
VisualStudioVersion = 17.3.32901.215
MinimumVisualStudioVersion = 10.0.40219.1
Project("{FAE04EC0-301F-11D3-BF4B-00C04F79EFBC}") = "Boluö1 Uygulama4", "Boluö1 Uygulama4\Boluö1 Uygulama4.csproj", "{8FDCCAEB-1CC3-4420-8A50-35136FFE6F82}"
EndProject
Global
	GlobalSection(SolutionConfigurationPlatforms) = preSolution
		Debug|Any CPU = Debug|Any CPU
		Release|Any CPU = Release|Any CPU
	EndGlobalSection
	GlobalSection(ProjectConfigurationPlatforms) = postSolution
		{8FDCCAEB-1CC3-4420-8A50-35136FFE6F82}.Debug|Any CPU.ActiveCfg = Debug|Any CPU
		{8FDCCAEB-1CC3-4420-8A50-35136FFE6F82}.Debug|Any CPU.Build.0 = Debug|Any CPU
		{8FDCCAEB-1CC3-4420-8A50-35136FFE6F82}.Release|Any CPU.ActiveCfg = Release|Any CPU
		{8FDCCAEB-1CC3-4420-8A50-35136FFE6F82}.Release|Any CPU.Build.0 = Release|Any CPU
	EndGlobalSection
	GlobalSection(SolutionProperties) = preSolution
		HideSolutionNode = FALSE
	EndGlobalSection
	GlobalSection(ExtensibilityGlobals) = postSolution
		SolutionGuid = {E6069451-1336-4CB1-85DA-6E3A7F61CCA2}
	EndGlobalSection
EndGlobal
